
Microsoft Visual Studio Solution File, Format Version 12.00
# Visual Studio Version 17
VisualStudioVersion = 17.0.31903.59
MinimumVisualStudioVersion = 10.0.40219.1
Project("{2150E333-8FDC-42A3-9474-1A3956D46DE8}") = "src", "src", "{A35218AF-9976-487E-AE4F-DA924F2A0BAE}"
EndProject
Project("{FAE04EC0-301F-11D3-BF4B-00C04F79EFBC}") = "CrmLstg.Core", "src\CrmLstg.Core\CrmLstg.Core.csproj", "{106DDBA7-5AF3-450B-ACBC-0A01B2DE1B77}"
EndProject
Project("{FAE04EC0-301F-11D3-BF4B-00C04F79EFBC}") = "CrmLstg.Console", "src\CrmLstg.Console\CrmLstg.Console.csproj", "{2E3D80A2-5BDA-4D57-A680-6B012D4CA705}"
EndProject
Project("{2150E333-8FDC-42A3-9474-1A3956D46DE8}") = "tests", "tests", "{D704BD8B-E0D7-45E8-A1A8-828F4B145271}"
EndProject
Project("{FAE04EC0-301F-11D3-BF4B-00C04F79EFBC}") = "CrmLstg.Core.Tests", "tests\CrmLstg.Core.Tests\CrmLstg.Core.Tests.csproj", "{0FD99951-B1D3-4FDF-92E2-89949AF3F8AD}"
EndProject
Global
	GlobalSection(SolutionConfigurationPlatforms) = preSolution
		Debug|Any CPU = Debug|Any CPU
		Release|Any CPU = Release|Any CPU
	EndGlobalSection
	GlobalSection(SolutionProperties) = preSolution
		HideSolutionNode = FALSE
	EndGlobalSection
	GlobalSection(ProjectConfigurationPlatforms) = postSolution
		{106DDBA7-5AF3-450B-ACBC-0A01B2DE1B77}.Debug|Any CPU.ActiveCfg = Debug|Any CPU
		{106DDBA7-5AF3-450B-ACBC-0A01B2DE1B77}.Debug|Any CPU.Build.0 = Debug|Any CPU
		{106DDBA7-5AF3-450B-ACBC-0A01B2DE1B77}.Release|Any CPU.ActiveCfg = Release|Any CPU
		{106DDBA7-5AF3-450B-ACBC-0A01B2DE1B77}.Release|Any CPU.Build.0 = Release|Any CPU
		{2E3D80A2-5BDA-4D57-A680-6B012D4CA705}.Debug|Any CPU.ActiveCfg = Debug|Any CPU
		{2E3D80A2-5BDA-4D57-A680-6B012D4CA705}.Debug|Any CPU.Build.0 = Debug|Any CPU
		{2E3D80A2-5BDA-4D57-A680-6B012D4CA705}.Release|Any CPU.ActiveCfg = Release|Any CPU
		{2E3D80A2-5BDA-4D57-A680-6B012D4CA705}.Release|Any CPU.Build.0 = Release|Any CPU
		{0FD99951-B1D3-4FDF-92E2-89949AF3F8AD}.Debug|Any CPU.ActiveCfg = Debug|Any CPU
		{0FD99951-B1D3-4FDF-92E2-89949AF3F8AD}.Debug|Any CPU.Build.0 = Debug|Any CPU
		{0FD99951-B1D3-4FDF-92E2-89949AF3F8AD}.Release|Any CPU.ActiveCfg = Release|Any CPU
		{0FD99951-B1D3-4FDF-92E2-89949AF3F8AD}.Release|Any CPU.Build.0 = Release|Any CPU
	EndGlobalSection
	GlobalSection(NestedProjects) = preSolution
		{106DDBA7-5AF3-450B-ACBC-0A01B2DE1B77} = {A35218AF-9976-487E-AE4F-DA924F2A0BAE}
		{2E3D80A2-5BDA-4D57-A680-6B012D4CA705} = {A35218AF-9976-487E-AE4F-DA924F2A0BAE}
		{0FD99951-B1D3-4FDF-92E2-89949AF3F8AD} = {D704BD8B-E0D7-45E8-A1A8-828F4B145271}
	EndGlobalSection
EndGlobal
